
Microsoft Visual Studio Solution File, Format Version 12.00
# Visual Studio 15
VisualStudioVersion = 15.0.28010.2036
MinimumVisualStudioVersion = 10.0.40219.1
Project("{FAE04EC0-301F-11D3-BF4B-00C04F79EFBC}") = "WEBDemo", "WEBDemo\WEBDemo.csproj", "{F2B2FA43-C0DF-48D7-8B43-715F72D18082}"
EndProject
Global
	GlobalSection(SolutionConfigurationPlatforms) = preSolution
		Debug|Any CPU = Debug|Any CPU
		Release|Any CPU = Release|Any CPU
	EndGlobalSection
	GlobalSection(ProjectConfigurationPlatforms) = postSolution
		{F2B2FA43-C0DF-48D7-8B43-715F72D18082}.Debug|Any CPU.ActiveCfg = Debug|Any CPU
		{F2B2FA43-C0DF-48D7-8B43-715F72D18082}.Debug|Any CPU.Build.0 = Debug|Any CPU
		{F2B2FA43-C0DF-48D7-8B43-715F72D18082}.Release|Any CPU.ActiveCfg = Release|Any CPU
		{F2B2FA43-C0DF-48D7-8B43-715F72D18082}.Release|Any CPU.Build.0 = Release|Any CPU
	EndGlobalSection
	GlobalSection(SolutionProperties) = preSolution
		HideSolutionNode = FALSE
	EndGlobalSection
	GlobalSection(ExtensibilityGlobals) = postSolution
		SolutionGuid = {08BBDF50-1ABA-44C1-BC3E-08FC10C87236}
	EndGlobalSection
EndGlobal
