
Microsoft Visual Studio Solution File, Format Version 12.00
# Visual Studio 15
VisualStudioVersion = 15.0.27428.2015
MinimumVisualStudioVersion = 10.0.40219.1
Project("{FAE04EC0-301F-11D3-BF4B-00C04F79EFBC}") = "AngularDemo", "AngularDemo\AngularDemo.csproj", "{E235550D-3F20-4C78-85E0-C1FECDA7E4DA}"
EndProject
Global
	GlobalSection(SolutionConfigurationPlatforms) = preSolution
		Debug|Any CPU = Debug|Any CPU
		Release|Any CPU = Release|Any CPU
	EndGlobalSection
	GlobalSection(ProjectConfigurationPlatforms) = postSolution
		{E235550D-3F20-4C78-85E0-C1FECDA7E4DA}.Debug|Any CPU.ActiveCfg = Debug|Any CPU
		{E235550D-3F20-4C78-85E0-C1FECDA7E4DA}.Debug|Any CPU.Build.0 = Debug|Any CPU
		{E235550D-3F20-4C78-85E0-C1FECDA7E4DA}.Release|Any CPU.ActiveCfg = Release|Any CPU
		{E235550D-3F20-4C78-85E0-C1FECDA7E4DA}.Release|Any CPU.Build.0 = Release|Any CPU
	EndGlobalSection
	GlobalSection(SolutionProperties) = preSolution
		HideSolutionNode = FALSE
	EndGlobalSection
	GlobalSection(ExtensibilityGlobals) = postSolution
		SolutionGuid = {1DDEE285-D4A2-4AC1-B28D-A108ED5B8FDF}
	EndGlobalSection
EndGlobal
